
Microsoft Visual Studio Solution File, Format Version 11.00
# Visual Studio 2010
Project("{F184B08F-C81C-45F6-A57F-5ABD9991F28F}") = "AppReports", "AppReports\AppReports.vbproj", "{85A0466F-807C-4CF5-9F35-70A76B6E32FF}"
EndProject
Project("{54435603-DBB4-11D2-8724-00A0C9A8B90C}") = "AppReport", "AppReport\AppReport.vdproj", "{29002C38-7327-4533-AD0B-F00538EE6469}"
EndProject
Global
	GlobalSection(SolutionConfigurationPlatforms) = preSolution
		Debug|x86 = Debug|x86
		Release|x86 = Release|x86
	EndGlobalSection
	GlobalSection(ProjectConfigurationPlatforms) = postSolution
		{85A0466F-807C-4CF5-9F35-70A76B6E32FF}.Debug|x86.ActiveCfg = Debug|x86
		{85A0466F-807C-4CF5-9F35-70A76B6E32FF}.Debug|x86.Build.0 = Debug|x86
		{85A0466F-807C-4CF5-9F35-70A76B6E32FF}.Release|x86.ActiveCfg = Release|x86
		{85A0466F-807C-4CF5-9F35-70A76B6E32FF}.Release|x86.Build.0 = Release|x86
		{29002C38-7327-4533-AD0B-F00538EE6469}.Debug|x86.ActiveCfg = Debug
		{29002C38-7327-4533-AD0B-F00538EE6469}.Release|x86.ActiveCfg = Release
	EndGlobalSection
	GlobalSection(SolutionProperties) = preSolution
		HideSolutionNode = FALSE
	EndGlobalSection
EndGlobal
